<?xml version="1.0" encoding="utf-8"?>
<Project ToolsVersion="4.0" xmlns="http://schemas.microsoft.com/developer/msbuild/2003">
  <ItemGroup>
    <Filter Include="Source Files">
      <UniqueIdentifier>{4FC737F1-C7A5-4376-A066-2A32D752A2FF}</UniqueIdentifier>
      <Extensions>cpp;c;cc;cxx;def;odl;idl;hpj;bat;asm;asmx</Extensions>
    </Filter>
    <Filter Include="Header Files">
      <UniqueIdentifier>{93995380-89BD-4b04-88EB-625FBE52EBFB}</UniqueIdentifier>
      <Extensions>h;hh;hpp;hxx;hm;inl;inc;xsd</Extensions>
    </Filter>
    <Filter Include="Resource Files">
      <UniqueIdentifier>{67DA6AB6-F800-4c08-8B7A-83BB121AAD01}</UniqueIdentifier>
      <Extensions>rc;ico;cur;bmp;dlg;rc2;rct;bin;rgs;gif;jpg;jpeg;jpe;resx;tiff;tif;png;wav;mfcribbon-ms</Extensions>
    </Filter>
  </ItemGroup>
  <ItemGroup>
    <Text Include="ReadMe.txt" />
  </ItemGroup>
  <ItemGroup>
    <ClCompile Include="DebugPrintOut.cpp">
      <Filter>Source Files</Filter>
    </ClCompile>
    <ClCompile Include="FormatReader.cpp">
      <Filter>Source Files</Filter>
    </ClCompile>
    <ClCompile Include="ImageGrabber.cpp">
      <Filter>Source Files</Filter>
    </ClCompile>
    <ClCompile Include="ImageGrabberThread.cpp">
      <Filter>Source Files</Filter>
    </ClCompile>
    <ClCompile Include="Media_Foundation.cpp">
      <Filter>Source Files</Filter>
    </ClCompile>
    <ClCompile Include="RawImage.cpp">
      <Filter>Source Files</Filter>
    </ClCompile>
    <ClCompile Include="videoDevice.cpp">
      <Filter>Source Files</Filter>
    </ClCompile>
    <ClCompile Include="videoInput.cpp">
      <Filter>Source Files</Filter>
    </ClCompile>
  </ItemGroup>
  <ItemGroup>
    <ClInclude Include="..\include\videoDevice\Common.h">
      <Filter>Header Files</Filter>
    </ClInclude>
    <ClInclude Include="..\include\videoDevice\DebugPrintOut.h">
      <Filter>Header Files</Filter>
    </ClInclude>
    <ClInclude Include="..\include\videoDevice\FormatReader.h">
      <Filter>Header Files</Filter>
    </ClInclude>
    <ClInclude Include="..\include\videoDevice\ImageGrabber.h">
      <Filter>Header Files</Filter>
    </ClInclude>
    <ClInclude Include="..\include\videoDevice\ImageGrabberThread.h">
      <Filter>Header Files</Filter>
    </ClInclude>
    <ClInclude Include="..\include\videoDevice\Media_Foundation.h">
      <Filter>Header Files</Filter>
    </ClInclude>
    <ClInclude Include="..\include\videoDevice\RawImage.h">
      <Filter>Header Files</Filter>
    </ClInclude>
    <ClInclude Include="..\include\videoDevice\videoDevice.h">
      <Filter>Header Files</Filter>
    </ClInclude>
    <ClInclude Include="..\include\videoDevice\videoInput.h">
      <Filter>Header Files</Filter>
    </ClInclude>
  </ItemGroup>
</Project>